
Microsoft Visual Studio Solution File, Format Version 12.00
# Visual Studio Version 17
VisualStudioVersion = 17.9.34622.214
MinimumVisualStudioVersion = 10.0.40219.1
Project("{9A19103F-16F7-4668-BE54-9A1E7A4F7556}") = "ElsoProjectTests", "ElsoProjectTests\ElsoProjectTests.csproj", "{8AE5C0E0-1335-43F0-B68C-25698C544DF8}"
EndProject
Project("{9A19103F-16F7-4668-BE54-9A1E7A4F7556}") = "ElsoProject", "StudentProject\ElsoProject.csproj", "{830A0F12-4185-433A-8501-F31665860D6C}"
EndProject
Global
	GlobalSection(SolutionConfigurationPlatforms) = preSolution
		Debug|Any CPU = Debug|Any CPU
		Release|Any CPU = Release|Any CPU
	EndGlobalSection
	GlobalSection(ProjectConfigurationPlatforms) = postSolution
		{8AE5C0E0-1335-43F0-B68C-25698C544DF8}.Debug|Any CPU.ActiveCfg = Debug|Any CPU
		{8AE5C0E0-1335-43F0-B68C-25698C544DF8}.Debug|Any CPU.Build.0 = Debug|Any CPU
		{8AE5C0E0-1335-43F0-B68C-25698C544DF8}.Release|Any CPU.ActiveCfg = Release|Any CPU
		{8AE5C0E0-1335-43F0-B68C-25698C544DF8}.Release|Any CPU.Build.0 = Release|Any CPU
		{830A0F12-4185-433A-8501-F31665860D6C}.Debug|Any CPU.ActiveCfg = Debug|Any CPU
		{830A0F12-4185-433A-8501-F31665860D6C}.Debug|Any CPU.Build.0 = Debug|Any CPU
		{830A0F12-4185-433A-8501-F31665860D6C}.Release|Any CPU.ActiveCfg = Release|Any CPU
		{830A0F12-4185-433A-8501-F31665860D6C}.Release|Any CPU.Build.0 = Release|Any CPU
	EndGlobalSection
	GlobalSection(SolutionProperties) = preSolution
		HideSolutionNode = FALSE
	EndGlobalSection
	GlobalSection(ExtensibilityGlobals) = postSolution
		SolutionGuid = {1618BE69-2B82-4458-AEB9-B202A6FFC9BB}
	EndGlobalSection
EndGlobal
